
Microsoft Visual Studio Solution File, Format Version 11.00
# Visual Studio 2010
Project("{FAE04EC0-301F-11D3-BF4B-00C04F79EFBC}") = "testing ne1 HWDR in Cs", "testing ne1 HWDR in Cs\testing ne1 HWDR in Cs.csproj", "{67D7F29E-02AA-4098-9C4E-042824FA0974}"
EndProject
Global
	GlobalSection(SolutionConfigurationPlatforms) = preSolution
		Debug|x86 = Debug|x86
		Release|x86 = Release|x86
	EndGlobalSection
	GlobalSection(ProjectConfigurationPlatforms) = postSolution
		{67D7F29E-02AA-4098-9C4E-042824FA0974}.Debug|x86.ActiveCfg = Debug|x86
		{67D7F29E-02AA-4098-9C4E-042824FA0974}.Debug|x86.Build.0 = Debug|x86
		{67D7F29E-02AA-4098-9C4E-042824FA0974}.Release|x86.ActiveCfg = Release|x86
		{67D7F29E-02AA-4098-9C4E-042824FA0974}.Release|x86.Build.0 = Release|x86
	EndGlobalSection
	GlobalSection(SolutionProperties) = preSolution
		HideSolutionNode = FALSE
	EndGlobalSection
EndGlobal
